
Microsoft Visual Studio Solution File, Format Version 12.00
# Visual Studio Version 16
VisualStudioVersion = 16.0.31019.35
MinimumVisualStudioVersion = 10.0.40219.1
Project("{FAE04EC0-301F-11D3-BF4B-00C04F79EFBC}") = "MigracionAlumnosAzure", "MigracionAlumnosAzure\MigracionAlumnosAzure.csproj", "{9839E854-6670-4022-ADBF-3AB25BCC310F}"
EndProject
Global
	GlobalSection(SolutionConfigurationPlatforms) = preSolution
		Debug|Any CPU = Debug|Any CPU
		Release|Any CPU = Release|Any CPU
	EndGlobalSection
	GlobalSection(ProjectConfigurationPlatforms) = postSolution
		{9839E854-6670-4022-ADBF-3AB25BCC310F}.Debug|Any CPU.ActiveCfg = Debug|Any CPU
		{9839E854-6670-4022-ADBF-3AB25BCC310F}.Debug|Any CPU.Build.0 = Debug|Any CPU
		{9839E854-6670-4022-ADBF-3AB25BCC310F}.Release|Any CPU.ActiveCfg = Release|Any CPU
		{9839E854-6670-4022-ADBF-3AB25BCC310F}.Release|Any CPU.Build.0 = Release|Any CPU
	EndGlobalSection
	GlobalSection(SolutionProperties) = preSolution
		HideSolutionNode = FALSE
	EndGlobalSection
	GlobalSection(ExtensibilityGlobals) = postSolution
		SolutionGuid = {822D5E1B-3EDF-45FE-9B85-0AD7399DE1AD}
	EndGlobalSection
EndGlobal
